
Microsoft Visual Studio Solution File, Format Version 12.00
# Visual Studio Version 16
VisualStudioVersion = 16.0.30523.141
MinimumVisualStudioVersion = 10.0.40219.1
Project("{FAE04EC0-301F-11D3-BF4B-00C04F79EFBC}") = "ChatteringFoolsRecorder", "ChatteringFoolsRecorder\ChatteringFoolsRecorder.csproj", "{BF0F4871-D945-48F8-81A1-A0EAAF50B324}"
EndProject
Global
	GlobalSection(SolutionConfigurationPlatforms) = preSolution
		Debug|Any CPU = Debug|Any CPU
		Release|Any CPU = Release|Any CPU
	EndGlobalSection
	GlobalSection(ProjectConfigurationPlatforms) = postSolution
		{BF0F4871-D945-48F8-81A1-A0EAAF50B324}.Debug|Any CPU.ActiveCfg = Debug|Any CPU
		{BF0F4871-D945-48F8-81A1-A0EAAF50B324}.Debug|Any CPU.Build.0 = Debug|Any CPU
		{BF0F4871-D945-48F8-81A1-A0EAAF50B324}.Release|Any CPU.ActiveCfg = Release|Any CPU
		{BF0F4871-D945-48F8-81A1-A0EAAF50B324}.Release|Any CPU.Build.0 = Release|Any CPU
	EndGlobalSection
	GlobalSection(SolutionProperties) = preSolution
		HideSolutionNode = FALSE
	EndGlobalSection
	GlobalSection(ExtensibilityGlobals) = postSolution
		SolutionGuid = {E333D411-0365-4597-9552-7C0F15189A9A}
	EndGlobalSection
EndGlobal
